
Microsoft Visual Studio Solution File, Format Version 12.00
# Visual Studio Version 17
VisualStudioVersion = 17.8.34330.188
MinimumVisualStudioVersion = 10.0.40219.1
Project("{8BC9CEB8-8B4A-11D0-8D11-00A0C91BC942}") = "TemaBFS", "TemaBFS\TemaBFS.vcxproj", "{545379C5-80A5-4349-8FF0-3E073B87AE0B}"
EndProject
Global
	GlobalSection(SolutionConfigurationPlatforms) = preSolution
		Debug|x64 = Debug|x64
		Debug|x86 = Debug|x86
		Release|x64 = Release|x64
		Release|x86 = Release|x86
	EndGlobalSection
	GlobalSection(ProjectConfigurationPlatforms) = postSolution
		{545379C5-80A5-4349-8FF0-3E073B87AE0B}.Debug|x64.ActiveCfg = Debug|x64
		{545379C5-80A5-4349-8FF0-3E073B87AE0B}.Debug|x64.Build.0 = Debug|x64
		{545379C5-80A5-4349-8FF0-3E073B87AE0B}.Debug|x86.ActiveCfg = Debug|Win32
		{545379C5-80A5-4349-8FF0-3E073B87AE0B}.Debug|x86.Build.0 = Debug|Win32
		{545379C5-80A5-4349-8FF0-3E073B87AE0B}.Release|x64.ActiveCfg = Release|x64
		{545379C5-80A5-4349-8FF0-3E073B87AE0B}.Release|x64.Build.0 = Release|x64
		{545379C5-80A5-4349-8FF0-3E073B87AE0B}.Release|x86.ActiveCfg = Release|Win32
		{545379C5-80A5-4349-8FF0-3E073B87AE0B}.Release|x86.Build.0 = Release|Win32
	EndGlobalSection
	GlobalSection(SolutionProperties) = preSolution
		HideSolutionNode = FALSE
	EndGlobalSection
	GlobalSection(ExtensibilityGlobals) = postSolution
		SolutionGuid = {05A33046-0865-4529-9B40-20A76906A5D6}
	EndGlobalSection
EndGlobal
